// !$*UTF8*$!
{
	archiveVersion = 1;
	classes = {
	};
	objectVersion = 55;
	objects = {

/* Begin PBXBuildFile section */
		1724282D29F6220C00DAB3E1 /* FavoriteRecipe+CoreDataClass.swift in Sources */ = {isa = PBXBuildFile; fileRef = 1724282B29F6220C00DAB3E1 /* FavoriteRecipe+CoreDataClass.swift */; };
		1724282E29F6220C00DAB3E1 /* FavoriteRecipe+CoreDataProperties.swift in Sources */ = {isa = PBXBuildFile; fileRef = 1724282C29F6220C00DAB3E1 /* FavoriteRecipe+CoreDataProperties.swift */; };
		1724283029F6260100DAB3E1 /* CookbookTableViewCell.xib in Resources */ = {isa = PBXBuildFile; fileRef = 1724282F29F6260100DAB3E1 /* CookbookTableViewCell.xib */; };
		1724283329F6398400DAB3E1 /* AddExtraRecipeInfoViewCell.swift in Sources */ = {isa = PBXBuildFile; fileRef = 1724283129F6398400DAB3E1 /* AddExtraRecipeInfoViewCell.swift */; };
		1724283429F6398400DAB3E1 /* AddExtraRecipeInfoViewCell.xib in Resources */ = {isa = PBXBuildFile; fileRef = 1724283229F6398400DAB3E1 /* AddExtraRecipeInfoViewCell.xib */; };
		1724283629F716C000DAB3E1 /* FirstPageViewController.swift in Sources */ = {isa = PBXBuildFile; fileRef = 1724283529F716C000DAB3E1 /* FirstPageViewController.swift */; };
		1724283829F7492600DAB3E1 /* SecondPageViewController.swift in Sources */ = {isa = PBXBuildFile; fileRef = 1724283729F7492600DAB3E1 /* SecondPageViewController.swift */; };
		1724283A29F755F600DAB3E1 /* ThirdPageViewController.swift in Sources */ = {isa = PBXBuildFile; fileRef = 1724283929F755F600DAB3E1 /* ThirdPageViewController.swift */; };
		1724283C29F76B2A00DAB3E1 /* CookbookIngredientsCell.swift in Sources */ = {isa = PBXBuildFile; fileRef = 1724283B29F76B2A00DAB3E1 /* CookbookIngredientsCell.swift */; };
		1724284029F87A5300DAB3E1 /* Int+TimeConversion.swift in Sources */ = {isa = PBXBuildFile; fileRef = 1724283F29F87A5300DAB3E1 /* Int+TimeConversion.swift */; };
		1724284229F8B08800DAB3E1 /* CookbookInstructionsCell.swift in Sources */ = {isa = PBXBuildFile; fileRef = 1724284129F8B08800DAB3E1 /* CookbookInstructionsCell.swift */; };
		1724284429F8C8D200DAB3E1 /* TimerHeaderView.swift in Sources */ = {isa = PBXBuildFile; fileRef = 1724284329F8C8D200DAB3E1 /* TimerHeaderView.swift */; };
		1724284629F9DA0500DAB3E1 /* UIView+ShakeAnimation.swift in Sources */ = {isa = PBXBuildFile; fileRef = 1724284529F9DA0500DAB3E1 /* UIView+ShakeAnimation.swift */; };
		1724284829FB5E4E00DAB3E1 /* GoogleService-Info.plist in Resources */ = {isa = PBXBuildFile; fileRef = 1724284729FB5E4E00DAB3E1 /* GoogleService-Info.plist */; };
		1724284B29FB612200DAB3E1 /* FirebaseAnalytics in Frameworks */ = {isa = PBXBuildFile; productRef = 1724284A29FB612200DAB3E1 /* FirebaseAnalytics */; };
		1724284D29FB612200DAB3E1 /* FirebaseAnalyticsOnDeviceConversion in Frameworks */ = {isa = PBXBuildFile; productRef = 1724284C29FB612200DAB3E1 /* FirebaseAnalyticsOnDeviceConversion */; };
		1724284F29FB612200DAB3E1 /* FirebaseAnalyticsSwift in Frameworks */ = {isa = PBXBuildFile; productRef = 1724284E29FB612200DAB3E1 /* FirebaseAnalyticsSwift */; };
		1724285129FB612200DAB3E1 /* FirebaseAppCheck in Frameworks */ = {isa = PBXBuildFile; productRef = 1724285029FB612200DAB3E1 /* FirebaseAppCheck */; };
		1724285329FB612200DAB3E1 /* FirebaseAppDistribution-Beta in Frameworks */ = {isa = PBXBuildFile; productRef = 1724285229FB612200DAB3E1 /* FirebaseAppDistribution-Beta */; };
		1724285529FB612200DAB3E1 /* FirebaseAuth in Frameworks */ = {isa = PBXBuildFile; productRef = 1724285429FB612200DAB3E1 /* FirebaseAuth */; };
		1724285729FB612200DAB3E1 /* FirebaseAuthCombine-Community in Frameworks */ = {isa = PBXBuildFile; productRef = 1724285629FB612200DAB3E1 /* FirebaseAuthCombine-Community */; };
		1724285929FB612200DAB3E1 /* FirebaseCrashlytics in Frameworks */ = {isa = PBXBuildFile; productRef = 1724285829FB612200DAB3E1 /* FirebaseCrashlytics */; };
		1724285B29FB612200DAB3E1 /* FirebaseDatabase in Frameworks */ = {isa = PBXBuildFile; productRef = 1724285A29FB612200DAB3E1 /* FirebaseDatabase */; };
		1724285D29FB612200DAB3E1 /* FirebaseDatabaseSwift in Frameworks */ = {isa = PBXBuildFile; productRef = 1724285C29FB612200DAB3E1 /* FirebaseDatabaseSwift */; };
		1724285F29FB612200DAB3E1 /* FirebaseDynamicLinks in Frameworks */ = {isa = PBXBuildFile; productRef = 1724285E29FB612200DAB3E1 /* FirebaseDynamicLinks */; };
		1724286129FB612200DAB3E1 /* FirebaseFirestore in Frameworks */ = {isa = PBXBuildFile; productRef = 1724286029FB612200DAB3E1 /* FirebaseFirestore */; };
		1724286329FB612200DAB3E1 /* FirebaseFirestoreCombine-Community in Frameworks */ = {isa = PBXBuildFile; productRef = 1724286229FB612200DAB3E1 /* FirebaseFirestoreCombine-Community */; };
		1724286529FB612200DAB3E1 /* FirebaseFirestoreSwift in Frameworks */ = {isa = PBXBuildFile; productRef = 1724286429FB612200DAB3E1 /* FirebaseFirestoreSwift */; };
		1724286729FB612200DAB3E1 /* FirebaseFunctions in Frameworks */ = {isa = PBXBuildFile; productRef = 1724286629FB612200DAB3E1 /* FirebaseFunctions */; };
		1724286929FB612200DAB3E1 /* FirebaseFunctionsCombine-Community in Frameworks */ = {isa = PBXBuildFile; productRef = 1724286829FB612200DAB3E1 /* FirebaseFunctionsCombine-Community */; };
		1724286B29FB612200DAB3E1 /* FirebaseInAppMessaging-Beta in Frameworks */ = {isa = PBXBuildFile; productRef = 1724286A29FB612200DAB3E1 /* FirebaseInAppMessaging-Beta */; };
		1724286D29FB612200DAB3E1 /* FirebaseInAppMessagingSwift-Beta in Frameworks */ = {isa = PBXBuildFile; productRef = 1724286C29FB612200DAB3E1 /* FirebaseInAppMessagingSwift-Beta */; };
		1724286F29FB612200DAB3E1 /* FirebaseInstallations in Frameworks */ = {isa = PBXBuildFile; productRef = 1724286E29FB612200DAB3E1 /* FirebaseInstallations */; };
		1724287129FB612200DAB3E1 /* FirebaseMLModelDownloader in Frameworks */ = {isa = PBXBuildFile; productRef = 1724287029FB612200DAB3E1 /* FirebaseMLModelDownloader */; };
		1724287329FB612200DAB3E1 /* FirebaseMessaging in Frameworks */ = {isa = PBXBuildFile; productRef = 1724287229FB612200DAB3E1 /* FirebaseMessaging */; };
		1724287529FB612200DAB3E1 /* FirebasePerformance in Frameworks */ = {isa = PBXBuildFile; productRef = 1724287429FB612200DAB3E1 /* FirebasePerformance */; };
		1724287729FB612200DAB3E1 /* FirebaseRemoteConfig in Frameworks */ = {isa = PBXBuildFile; productRef = 1724287629FB612200DAB3E1 /* FirebaseRemoteConfig */; };
		1724287929FB612200DAB3E1 /* FirebaseRemoteConfigSwift in Frameworks */ = {isa = PBXBuildFile; productRef = 1724287829FB612200DAB3E1 /* FirebaseRemoteConfigSwift */; };
		1724287B29FB612200DAB3E1 /* FirebaseStorage in Frameworks */ = {isa = PBXBuildFile; productRef = 1724287A29FB612200DAB3E1 /* FirebaseStorage */; };
		1724287D29FB612200DAB3E1 /* FirebaseStorageCombine-Community in Frameworks */ = {isa = PBXBuildFile; productRef = 1724287C29FB612200DAB3E1 /* FirebaseStorageCombine-Community */; };
		1724287F29FB696900DAB3E1 /* LoginViewController.swift in Sources */ = {isa = PBXBuildFile; fileRef = 1724287E29FB696800DAB3E1 /* LoginViewController.swift */; };
		1724288129FB698A00DAB3E1 /* SignupViewController.swift in Sources */ = {isa = PBXBuildFile; fileRef = 1724288029FB698A00DAB3E1 /* SignupViewController.swift */; };
		1724288329FC6F2100DAB3E1 /* ProfileViewController.swift in Sources */ = {isa = PBXBuildFile; fileRef = 1724288229FC6F2100DAB3E1 /* ProfileViewController.swift */; };
		1724288729FEAA5D00DAB3E1 /* UITextField+Padding.swift in Sources */ = {isa = PBXBuildFile; fileRef = 1724288629FEAA5D00DAB3E1 /* UITextField+Padding.swift */; };
		17460A0229F3034C00A1FBA7 /* CookbookViewController.swift in Sources */ = {isa = PBXBuildFile; fileRef = 17460A0129F3034C00A1FBA7 /* CookbookViewController.swift */; };
		17460A0429F34C6500A1FBA7 /* CookbookTableViewCell.swift in Sources */ = {isa = PBXBuildFile; fileRef = 17460A0329F34C6400A1FBA7 /* CookbookTableViewCell.swift */; };
		17460A0929F34DDC00A1FBA7 /* RecipeCollectionViewCell.swift in Sources */ = {isa = PBXBuildFile; fileRef = 17460A0729F34DDC00A1FBA7 /* RecipeCollectionViewCell.swift */; };
		17460A0A29F34DDC00A1FBA7 /* RecipeCollectionViewCell.xib in Resources */ = {isa = PBXBuildFile; fileRef = 17460A0829F34DDC00A1FBA7 /* RecipeCollectionViewCell.xib */; };
		17460A1129F40F5100A1FBA7 /* CookbookPageViewController.swift in Sources */ = {isa = PBXBuildFile; fileRef = 17460A1029F40F5100A1FBA7 /* CookbookPageViewController.swift */; };
		17460A1629F4144000A1FBA7 /* CreateRecipeViewController.swift in Sources */ = {isa = PBXBuildFile; fileRef = 17460A1529F4144000A1FBA7 /* CreateRecipeViewController.swift */; };
		17460A1B29F41CB700A1FBA7 /* AddIngredientsViewCell.swift in Sources */ = {isa = PBXBuildFile; fileRef = 17460A1929F41CB700A1FBA7 /* AddIngredientsViewCell.swift */; };
		17460A1C29F41CB700A1FBA7 /* AddIngredientsViewCell.xib in Resources */ = {isa = PBXBuildFile; fileRef = 17460A1A29F41CB700A1FBA7 /* AddIngredientsViewCell.xib */; };
		17460A2129F430AA00A1FBA7 /* AddRecipeFirstSectionViewCell.swift in Sources */ = {isa = PBXBuildFile; fileRef = 17460A1F29F430AA00A1FBA7 /* AddRecipeFirstSectionViewCell.swift */; };
		17460A2229F430AA00A1FBA7 /* AddRecipeFirstSectionViewCell.xib in Resources */ = {isa = PBXBuildFile; fileRef = 17460A2029F430AA00A1FBA7 /* AddRecipeFirstSectionViewCell.xib */; };
		17460A2529F4CF6400A1FBA7 /* RecipeInstructionsViewCell.swift in Sources */ = {isa = PBXBuildFile; fileRef = 17460A2329F4CF6400A1FBA7 /* RecipeInstructionsViewCell.swift */; };
		17460A2629F4CF6400A1FBA7 /* RecipeInstructionsViewCell.xib in Resources */ = {isa = PBXBuildFile; fileRef = 17460A2429F4CF6400A1FBA7 /* RecipeInstructionsViewCell.xib */; };
		17460A2A29F5053600A1FBA7 /* UIViewController+Keyboard.swift in Sources */ = {isa = PBXBuildFile; fileRef = 17460A2929F5053600A1FBA7 /* UIViewController+Keyboard.swift */; };
		17460A2C29F50C4200A1FBA7 /* String+Sentences.swift in Sources */ = {isa = PBXBuildFile; fileRef = 17460A2B29F50C4200A1FBA7 /* String+Sentences.swift */; };
		177DA05F29EB2B38007F35F5 /* AppDelegate.swift in Sources */ = {isa = PBXBuildFile; fileRef = 177DA05E29EB2B38007F35F5 /* AppDelegate.swift */; };
		177DA06129EB2B38007F35F5 /* SceneDelegate.swift in Sources */ = {isa = PBXBuildFile; fileRef = 177DA06029EB2B38007F35F5 /* SceneDelegate.swift */; };
		177DA06329EB2B38007F35F5 /* RecipeViewController.swift in Sources */ = {isa = PBXBuildFile; fileRef = 177DA06229EB2B38007F35F5 /* RecipeViewController.swift */; };
		177DA06629EB2B38007F35F5 /* Main.storyboard in Resources */ = {isa = PBXBuildFile; fileRef = 177DA06429EB2B38007F35F5 /* Main.storyboard */; };
		177DA06929EB2B38007F35F5 /* Home_Chef_United.xcdatamodeld in Sources */ = {isa = PBXBuildFile; fileRef = 177DA06729EB2B38007F35F5 /* Home_Chef_United.xcdatamodeld */; };
		177DA06B29EB2B39007F35F5 /* Assets.xcassets in Resources */ = {isa = PBXBuildFile; fileRef = 177DA06A29EB2B39007F35F5 /* Assets.xcassets */; };
		177DA06E29EB2B39007F35F5 /* LaunchScreen.storyboard in Resources */ = {isa = PBXBuildFile; fileRef = 177DA06C29EB2B39007F35F5 /* LaunchScreen.storyboard */; };
		177DA07629EB2EA3007F35F5 /* TabBarViewController.swift in Sources */ = {isa = PBXBuildFile; fileRef = 177DA07529EB2EA3007F35F5 /* TabBarViewController.swift */; };
		17B177C729ED940200E3C4D1 /* UIImageView+DownloadImage.swift in Sources */ = {isa = PBXBuildFile; fileRef = 17B177C629ED940200E3C4D1 /* UIImageView+DownloadImage.swift */; };
		17B177CB29ED989C00E3C4D1 /* UserRecipeCell.swift in Sources */ = {isa = PBXBuildFile; fileRef = 17B177CA29ED989C00E3C4D1 /* UserRecipeCell.swift */; };
		17B177CD29ED9A4000E3C4D1 /* Functions.swift in Sources */ = {isa = PBXBuildFile; fileRef = 17B177CC29ED9A4000E3C4D1 /* Functions.swift */; };
		17B177D129EDA1CB00E3C4D1 /* RecipeResult.swift in Sources */ = {isa = PBXBuildFile; fileRef = 17B177D029EDA1CB00E3C4D1 /* RecipeResult.swift */; };
		17B177D529EDF8C500E3C4D1 /* api.swift in Sources */ = {isa = PBXBuildFile; fileRef = 17B177D429EDF8C500E3C4D1 /* api.swift */; };
		17B177D729EE01BD00E3C4D1 /* RecipeCell.swift in Sources */ = {isa = PBXBuildFile; fileRef = 17B177D629EE01BD00E3C4D1 /* RecipeCell.swift */; };
		17B177D929EE2FF800E3C4D1 /* LoadingCell.xib in Resources */ = {isa = PBXBuildFile; fileRef = 17B177D829EE2FF800E3C4D1 /* LoadingCell.xib */; };
		17B177DB29EE33AA00E3C4D1 /* NothingFoundCell.xib in Resources */ = {isa = PBXBuildFile; fileRef = 17B177DA29EE33AA00E3C4D1 /* NothingFoundCell.xib */; };
		17B177DD29F0D58A00E3C4D1 /* RecipeDetailViewController.swift in Sources */ = {isa = PBXBuildFile; fileRef = 17B177DC29F0D58A00E3C4D1 /* RecipeDetailViewController.swift */; };
		17E5A1E429FED81E0075B3F2 /* UILabel+Padding.swift in Sources */ = {isa = PBXBuildFile; fileRef = 17E5A1E329FED81E0075B3F2 /* UILabel+Padding.swift */; };
/* End PBXBuildFile section */

/* Begin PBXFileReference section */
		1724282B29F6220C00DAB3E1 /* FavoriteRecipe+CoreDataClass.swift */ = {isa = PBXFileReference; lastKnownFileType = sourcecode.swift; path = "FavoriteRecipe+CoreDataClass.swift"; sourceTree = "<group>"; };
		1724282C29F6220C00DAB3E1 /* FavoriteRecipe+CoreDataProperties.swift */ = {isa = PBXFileReference; lastKnownFileType = sourcecode.swift; path = "FavoriteRecipe+CoreDataProperties.swift"; sourceTree = "<group>"; };
		1724282F29F6260100DAB3E1 /* CookbookTableViewCell.xib */ = {isa = PBXFileReference; lastKnownFileType = file.xib; path = CookbookTableViewCell.xib; sourceTree = "<group>"; };
		1724283129F6398400DAB3E1 /* AddExtraRecipeInfoViewCell.swift */ = {isa = PBXFileReference; lastKnownFileType = sourcecode.swift; path = AddExtraRecipeInfoViewCell.swift; sourceTree = "<group>"; };
		1724283229F6398400DAB3E1 /* AddExtraRecipeInfoViewCell.xib */ = {isa = PBXFileReference; lastKnownFileType = file.xib; path = AddExtraRecipeInfoViewCell.xib; sourceTree = "<group>"; };
		1724283529F716C000DAB3E1 /* FirstPageViewController.swift */ = {isa = PBXFileReference; lastKnownFileType = sourcecode.swift; path = FirstPageViewController.swift; sourceTree = "<group>"; };
		1724283729F7492600DAB3E1 /* SecondPageViewController.swift */ = {isa = PBXFileReference; lastKnownFileType = sourcecode.swift; path = SecondPageViewController.swift; sourceTree = "<group>"; };
		1724283929F755F600DAB3E1 /* ThirdPageViewController.swift */ = {isa = PBXFileReference; lastKnownFileType = sourcecode.swift; path = ThirdPageViewController.swift; sourceTree = "<group>"; };
		1724283B29F76B2A00DAB3E1 /* CookbookIngredientsCell.swift */ = {isa = PBXFileReference; lastKnownFileType = sourcecode.swift; path = CookbookIngredientsCell.swift; sourceTree = "<group>"; };
		1724283F29F87A5300DAB3E1 /* Int+TimeConversion.swift */ = {isa = PBXFileReference; lastKnownFileType = sourcecode.swift; path = "Int+TimeConversion.swift"; sourceTree = "<group>"; };
		1724284129F8B08800DAB3E1 /* CookbookInstructionsCell.swift */ = {isa = PBXFileReference; lastKnownFileType = sourcecode.swift; path = CookbookInstructionsCell.swift; sourceTree = "<group>"; };
		1724284329F8C8D200DAB3E1 /* TimerHeaderView.swift */ = {isa = PBXFileReference; lastKnownFileType = sourcecode.swift; path = TimerHeaderView.swift; sourceTree = "<group>"; };
		1724284529F9DA0500DAB3E1 /* UIView+ShakeAnimation.swift */ = {isa = PBXFileReference; lastKnownFileType = sourcecode.swift; path = "UIView+ShakeAnimation.swift"; sourceTree = "<group>"; };
		1724284729FB5E4E00DAB3E1 /* GoogleService-Info.plist */ = {isa = PBXFileReference; fileEncoding = 4; lastKnownFileType = text.plist.xml; path = "GoogleService-Info.plist"; sourceTree = "<group>"; };
		1724287E29FB696800DAB3E1 /* LoginViewController.swift */ = {isa = PBXFileReference; lastKnownFileType = sourcecode.swift; path = LoginViewController.swift; sourceTree = "<group>"; };
		1724288029FB698A00DAB3E1 /* SignupViewController.swift */ = {isa = PBXFileReference; lastKnownFileType = sourcecode.swift; path = SignupViewController.swift; sourceTree = "<group>"; };
		1724288229FC6F2100DAB3E1 /* ProfileViewController.swift */ = {isa = PBXFileReference; lastKnownFileType = sourcecode.swift; path = ProfileViewController.swift; sourceTree = "<group>"; };
		1724288629FEAA5D00DAB3E1 /* UITextField+Padding.swift */ = {isa = PBXFileReference; lastKnownFileType = sourcecode.swift; path = "UITextField+Padding.swift"; sourceTree = "<group>"; };
		17460A0129F3034C00A1FBA7 /* CookbookViewController.swift */ = {isa = PBXFileReference; lastKnownFileType = sourcecode.swift; path = CookbookViewController.swift; sourceTree = "<group>"; };
		17460A0329F34C6400A1FBA7 /* CookbookTableViewCell.swift */ = {isa = PBXFileReference; lastKnownFileType = sourcecode.swift; path = CookbookTableViewCell.swift; sourceTree = "<group>"; };
		17460A0729F34DDC00A1FBA7 /* RecipeCollectionViewCell.swift */ = {isa = PBXFileReference; lastKnownFileType = sourcecode.swift; path = RecipeCollectionViewCell.swift; sourceTree = "<group>"; };
		17460A0829F34DDC00A1FBA7 /* RecipeCollectionViewCell.xib */ = {isa = PBXFileReference; lastKnownFileType = file.xib; path = RecipeCollectionViewCell.xib; sourceTree = "<group>"; };
		17460A1029F40F5100A1FBA7 /* CookbookPageViewController.swift */ = {isa = PBXFileReference; lastKnownFileType = sourcecode.swift; path = CookbookPageViewController.swift; sourceTree = "<group>"; };
		17460A1529F4144000A1FBA7 /* CreateRecipeViewController.swift */ = {isa = PBXFileReference; lastKnownFileType = sourcecode.swift; path = CreateRecipeViewController.swift; sourceTree = "<group>"; };
		17460A1929F41CB700A1FBA7 /* AddIngredientsViewCell.swift */ = {isa = PBXFileReference; lastKnownFileType = sourcecode.swift; path = AddIngredientsViewCell.swift; sourceTree = "<group>"; };
		17460A1A29F41CB700A1FBA7 /* AddIngredientsViewCell.xib */ = {isa = PBXFileReference; lastKnownFileType = file.xib; path = AddIngredientsViewCell.xib; sourceTree = "<group>"; };
		17460A1F29F430AA00A1FBA7 /* AddRecipeFirstSectionViewCell.swift */ = {isa = PBXFileReference; lastKnownFileType = sourcecode.swift; path = AddRecipeFirstSectionViewCell.swift; sourceTree = "<group>"; };
		17460A2029F430AA00A1FBA7 /* AddRecipeFirstSectionViewCell.xib */ = {isa = PBXFileReference; lastKnownFileType = file.xib; path = AddRecipeFirstSectionViewCell.xib; sourceTree = "<group>"; };
		17460A2329F4CF6400A1FBA7 /* RecipeInstructionsViewCell.swift */ = {isa = PBXFileReference; lastKnownFileType = sourcecode.swift; path = RecipeInstructionsViewCell.swift; sourceTree = "<group>"; };
		17460A2429F4CF6400A1FBA7 /* RecipeInstructionsViewCell.xib */ = {isa = PBXFileReference; lastKnownFileType = file.xib; path = RecipeInstructionsViewCell.xib; sourceTree = "<group>"; };
		17460A2929F5053600A1FBA7 /* UIViewController+Keyboard.swift */ = {isa = PBXFileReference; lastKnownFileType = sourcecode.swift; path = "UIViewController+Keyboard.swift"; sourceTree = "<group>"; };
		17460A2B29F50C4200A1FBA7 /* String+Sentences.swift */ = {isa = PBXFileReference; lastKnownFileType = sourcecode.swift; path = "String+Sentences.swift"; sourceTree = "<group>"; };
		177DA05B29EB2B38007F35F5 /* Home Chef United.app */ = {isa = PBXFileReference; explicitFileType = wrapper.application; includeInIndex = 0; path = "Home Chef United.app"; sourceTree = BUILT_PRODUCTS_DIR; };
		177DA05E29EB2B38007F35F5 /* AppDelegate.swift */ = {isa = PBXFileReference; lastKnownFileType = sourcecode.swift; path = AppDelegate.swift; sourceTree = "<group>"; };
		177DA06029EB2B38007F35F5 /* SceneDelegate.swift */ = {isa = PBXFileReference; lastKnownFileType = sourcecode.swift; path = SceneDelegate.swift; sourceTree = "<group>"; };
		177DA06229EB2B38007F35F5 /* RecipeViewController.swift */ = {isa = PBXFileReference; lastKnownFileType = sourcecode.swift; path = RecipeViewController.swift; sourceTree = "<group>"; };
		177DA06529EB2B38007F35F5 /* Base */ = {isa = PBXFileReference; lastKnownFileType = file.storyboard; name = Base; path = Base.lproj/Main.storyboard; sourceTree = "<group>"; };
		177DA06829EB2B38007F35F5 /* Home_Chef_United.xcdatamodel */ = {isa = PBXFileReference; lastKnownFileType = wrapper.xcdatamodel; path = Home_Chef_United.xcdatamodel; sourceTree = "<group>"; };
		177DA06A29EB2B39007F35F5 /* Assets.xcassets */ = {isa = PBXFileReference; lastKnownFileType = folder.assetcatalog; path = Assets.xcassets; sourceTree = "<group>"; };
		177DA06D29EB2B39007F35F5 /* Base */ = {isa = PBXFileReference; lastKnownFileType = file.storyboard; name = Base; path = Base.lproj/LaunchScreen.storyboard; sourceTree = "<group>"; };
		177DA06F29EB2B39007F35F5 /* Info.plist */ = {isa = PBXFileReference; lastKnownFileType = text.plist.xml; path = Info.plist; sourceTree = "<group>"; };
		177DA07529EB2EA3007F35F5 /* TabBarViewController.swift */ = {isa = PBXFileReference; lastKnownFileType = sourcecode.swift; path = TabBarViewController.swift; sourceTree = "<group>"; };
		17B177C629ED940200E3C4D1 /* UIImageView+DownloadImage.swift */ = {isa = PBXFileReference; lastKnownFileType = sourcecode.swift; path = "UIImageView+DownloadImage.swift"; sourceTree = "<group>"; };
		17B177CA29ED989C00E3C4D1 /* UserRecipeCell.swift */ = {isa = PBXFileReference; lastKnownFileType = sourcecode.swift; path = UserRecipeCell.swift; sourceTree = "<group>"; };
		17B177CC29ED9A4000E3C4D1 /* Functions.swift */ = {isa = PBXFileReference; lastKnownFileType = sourcecode.swift; path = Functions.swift; sourceTree = "<group>"; };
		17B177D029EDA1CB00E3C4D1 /* RecipeResult.swift */ = {isa = PBXFileReference; lastKnownFileType = sourcecode.swift; path = RecipeResult.swift; sourceTree = "<group>"; };
		17B177D429EDF8C500E3C4D1 /* api.swift */ = {isa = PBXFileReference; lastKnownFileType = sourcecode.swift; path = api.swift; sourceTree = "<group>"; };
		17B177D629EE01BD00E3C4D1 /* RecipeCell.swift */ = {isa = PBXFileReference; lastKnownFileType = sourcecode.swift; path = RecipeCell.swift; sourceTree = "<group>"; };
		17B177D829EE2FF800E3C4D1 /* LoadingCell.xib */ = {isa = PBXFileReference; lastKnownFileType = file.xib; path = LoadingCell.xib; sourceTree = "<group>"; };
		17B177DA29EE33AA00E3C4D1 /* NothingFoundCell.xib */ = {isa = PBXFileReference; lastKnownFileType = file.xib; path = NothingFoundCell.xib; sourceTree = "<group>"; };
		17B177DC29F0D58A00E3C4D1 /* RecipeDetailViewController.swift */ = {isa = PBXFileReference; lastKnownFileType = sourcecode.swift; path = RecipeDetailViewController.swift; sourceTree = "<group>"; };
		17E5A1E329FED81E0075B3F2 /* UILabel+Padding.swift */ = {isa = PBXFileReference; lastKnownFileType = sourcecode.swift; path = "UILabel+Padding.swift"; sourceTree = "<group>"; };
/* End PBXFileReference section */

/* Begin PBXFrameworksBuildPhase section */
		177DA05829EB2B38007F35F5 /* Frameworks */ = {
			isa = PBXFrameworksBuildPhase;
			buildActionMask = 2147483647;
			files = (
				1724287529FB612200DAB3E1 /* FirebasePerformance in Frameworks */,
				1724286329FB612200DAB3E1 /* FirebaseFirestoreCombine-Community in Frameworks */,
				1724285D29FB612200DAB3E1 /* FirebaseDatabaseSwift in Frameworks */,
				1724287B29FB612200DAB3E1 /* FirebaseStorage in Frameworks */,
				1724285F29FB612200DAB3E1 /* FirebaseDynamicLinks in Frameworks */,
				1724286529FB612200DAB3E1 /* FirebaseFirestoreSwift in Frameworks */,
				1724285129FB612200DAB3E1 /* FirebaseAppCheck in Frameworks */,
				1724286B29FB612200DAB3E1 /* FirebaseInAppMessaging-Beta in Frameworks */,
				1724285529FB612200DAB3E1 /* FirebaseAuth in Frameworks */,
				1724287129FB612200DAB3E1 /* FirebaseMLModelDownloader in Frameworks */,
				1724287929FB612200DAB3E1 /* FirebaseRemoteConfigSwift in Frameworks */,
				1724284F29FB612200DAB3E1 /* FirebaseAnalyticsSwift in Frameworks */,
				1724287329FB612200DAB3E1 /* FirebaseMessaging in Frameworks */,
				1724286F29FB612200DAB3E1 /* FirebaseInstallations in Frameworks */,
				1724286929FB612200DAB3E1 /* FirebaseFunctionsCombine-Community in Frameworks */,
				1724286129FB612200DAB3E1 /* FirebaseFirestore in Frameworks */,
				1724287D29FB612200DAB3E1 /* FirebaseStorageCombine-Community in Frameworks */,
				1724285329FB612200DAB3E1 /* FirebaseAppDistribution-Beta in Frameworks */,
				1724284B29FB612200DAB3E1 /* FirebaseAnalytics in Frameworks */,
				1724285929FB612200DAB3E1 /* FirebaseCrashlytics in Frameworks */,
				1724285B29FB612200DAB3E1 /* FirebaseDatabase in Frameworks */,
				1724287729FB612200DAB3E1 /* FirebaseRemoteConfig in Frameworks */,
				1724286729FB612200DAB3E1 /* FirebaseFunctions in Frameworks */,
				1724285729FB612200DAB3E1 /* FirebaseAuthCombine-Community in Frameworks */,
				1724286D29FB612200DAB3E1 /* FirebaseInAppMessagingSwift-Beta in Frameworks */,
				1724284D29FB612200DAB3E1 /* FirebaseAnalyticsOnDeviceConversion in Frameworks */,
			);
			runOnlyForDeploymentPostprocessing = 0;
		};
/* End PBXFrameworksBuildPhase section */

/* Begin PBXGroup section */
		17460A0F29F40F1200A1FBA7 /* Cookbook Pages View Controllers */ = {
			isa = PBXGroup;
			children = (
				17460A1029F40F5100A1FBA7 /* CookbookPageViewController.swift */,
				1724283529F716C000DAB3E1 /* FirstPageViewController.swift */,
				1724283729F7492600DAB3E1 /* SecondPageViewController.swift */,
				1724283929F755F600DAB3E1 /* ThirdPageViewController.swift */,
				1724283B29F76B2A00DAB3E1 /* CookbookIngredientsCell.swift */,
				1724284129F8B08800DAB3E1 /* CookbookInstructionsCell.swift */,
				1724284329F8C8D200DAB3E1 /* TimerHeaderView.swift */,
			);
			path = "Cookbook Pages View Controllers";
			sourceTree = "<group>";
		};
		177DA05229EB2B38007F35F5 = {
			isa = PBXGroup;
			children = (
				1724282B29F6220C00DAB3E1 /* FavoriteRecipe+CoreDataClass.swift */,
				1724282C29F6220C00DAB3E1 /* FavoriteRecipe+CoreDataProperties.swift */,
				177DA05D29EB2B38007F35F5 /* Home Chef United */,
				177DA05C29EB2B38007F35F5 /* Products */,
			);
			sourceTree = "<group>";
		};
		177DA05C29EB2B38007F35F5 /* Products */ = {
			isa = PBXGroup;
			children = (
				177DA05B29EB2B38007F35F5 /* Home Chef United.app */,
			);
			name = Products;
			sourceTree = "<group>";
		};
		177DA05D29EB2B38007F35F5 /* Home Chef United */ = {
			isa = PBXGroup;
			children = (
				17460A0F29F40F1200A1FBA7 /* Cookbook Pages View Controllers */,
				17B177D329EDF89A00E3C4D1 /* API Endpoints */,
				17B177CF29EDA18800E3C4D1 /* Models */,
				17B177C929ED988F00E3C4D1 /* Cells */,
				17B177C529ED93DE00E3C4D1 /* Extensions */,
				177DA07729EB2EB9007F35F5 /* View Controllers */,
				177DA05E29EB2B38007F35F5 /* AppDelegate.swift */,
				177DA06029EB2B38007F35F5 /* SceneDelegate.swift */,
				17B177CC29ED9A4000E3C4D1 /* Functions.swift */,
				177DA06429EB2B38007F35F5 /* Main.storyboard */,
				177DA06A29EB2B39007F35F5 /* Assets.xcassets */,
				177DA06C29EB2B39007F35F5 /* LaunchScreen.storyboard */,
				177DA06F29EB2B39007F35F5 /* Info.plist */,
				177DA06729EB2B38007F35F5 /* Home_Chef_United.xcdatamodeld */,
				1724284729FB5E4E00DAB3E1 /* GoogleService-Info.plist */,
			);
			path = "Home Chef United";
			sourceTree = "<group>";
		};
		177DA07729EB2EB9007F35F5 /* View Controllers */ = {
			isa = PBXGroup;
			children = (
				177DA06229EB2B38007F35F5 /* RecipeViewController.swift */,
				177DA07529EB2EA3007F35F5 /* TabBarViewController.swift */,
				17B177DC29F0D58A00E3C4D1 /* RecipeDetailViewController.swift */,
				17460A0129F3034C00A1FBA7 /* CookbookViewController.swift */,
				17460A1529F4144000A1FBA7 /* CreateRecipeViewController.swift */,
				1724287E29FB696800DAB3E1 /* LoginViewController.swift */,
				1724288029FB698A00DAB3E1 /* SignupViewController.swift */,
				1724288229FC6F2100DAB3E1 /* ProfileViewController.swift */,
			);
			path = "View Controllers";
			sourceTree = "<group>";
		};
		17B177C529ED93DE00E3C4D1 /* Extensions */ = {
			isa = PBXGroup;
			children = (
				17B177C629ED940200E3C4D1 /* UIImageView+DownloadImage.swift */,
				17460A2929F5053600A1FBA7 /* UIViewController+Keyboard.swift */,
				17460A2B29F50C4200A1FBA7 /* String+Sentences.swift */,
				1724283F29F87A5300DAB3E1 /* Int+TimeConversion.swift */,
				1724284529F9DA0500DAB3E1 /* UIView+ShakeAnimation.swift */,
				1724288629FEAA5D00DAB3E1 /* UITextField+Padding.swift */,
				17E5A1E329FED81E0075B3F2 /* UILabel+Padding.swift */,
			);
			path = Extensions;
			sourceTree = "<group>";
		};
		17B177C929ED988F00E3C4D1 /* Cells */ = {
			isa = PBXGroup;
			children = (
				17B177CA29ED989C00E3C4D1 /* UserRecipeCell.swift */,
				17B177D629EE01BD00E3C4D1 /* RecipeCell.swift */,
				17B177D829EE2FF800E3C4D1 /* LoadingCell.xib */,
				17B177DA29EE33AA00E3C4D1 /* NothingFoundCell.xib */,
				17460A0329F34C6400A1FBA7 /* CookbookTableViewCell.swift */,
				17460A0729F34DDC00A1FBA7 /* RecipeCollectionViewCell.swift */,
				17460A0829F34DDC00A1FBA7 /* RecipeCollectionViewCell.xib */,
				17460A1929F41CB700A1FBA7 /* AddIngredientsViewCell.swift */,
				17460A1A29F41CB700A1FBA7 /* AddIngredientsViewCell.xib */,
				17460A1F29F430AA00A1FBA7 /* AddRecipeFirstSectionViewCell.swift */,
				17460A2029F430AA00A1FBA7 /* AddRecipeFirstSectionViewCell.xib */,
				17460A2329F4CF6400A1FBA7 /* RecipeInstructionsViewCell.swift */,
				17460A2429F4CF6400A1FBA7 /* RecipeInstructionsViewCell.xib */,
				1724282F29F6260100DAB3E1 /* CookbookTableViewCell.xib */,
				1724283129F6398400DAB3E1 /* AddExtraRecipeInfoViewCell.swift */,
				1724283229F6398400DAB3E1 /* AddExtraRecipeInfoViewCell.xib */,
			);
			path = Cells;
			sourceTree = "<group>";
		};
		17B177CF29EDA18800E3C4D1 /* Models */ = {
			isa = PBXGroup;
			children = (
				17B177D029EDA1CB00E3C4D1 /* RecipeResult.swift */,
			);
			path = Models;
			sourceTree = "<group>";
		};
		17B177D329EDF89A00E3C4D1 /* API Endpoints */ = {
			isa = PBXGroup;
			children = (
				17B177D429EDF8C500E3C4D1 /* api.swift */,
			);
			path = "API Endpoints";
			sourceTree = "<group>";
		};
/* End PBXGroup section */

/* Begin PBXNativeTarget section */
		177DA05A29EB2B38007F35F5 /* Home Chef United */ = {
			isa = PBXNativeTarget;
			buildConfigurationList = 177DA07229EB2B39007F35F5 /* Build configuration list for PBXNativeTarget "Home Chef United" */;
			buildPhases = (
				177DA05729EB2B38007F35F5 /* Sources */,
				177DA05829EB2B38007F35F5 /* Frameworks */,
				177DA05929EB2B38007F35F5 /* Resources */,
			);
			buildRules = (
			);
			dependencies = (
			);
			name = "Home Chef United";
			packageProductDependencies = (
				1724284A29FB612200DAB3E1 /* FirebaseAnalytics */,
				1724284C29FB612200DAB3E1 /* FirebaseAnalyticsOnDeviceConversion */,
				1724284E29FB612200DAB3E1 /* FirebaseAnalyticsSwift */,
				1724285029FB612200DAB3E1 /* FirebaseAppCheck */,
				1724285229FB612200DAB3E1 /* FirebaseAppDistribution-Beta */,
				1724285429FB612200DAB3E1 /* FirebaseAuth */,
				1724285629FB612200DAB3E1 /* FirebaseAuthCombine-Community */,
				1724285829FB612200DAB3E1 /* FirebaseCrashlytics */,
				1724285A29FB612200DAB3E1 /* FirebaseDatabase */,
				1724285C29FB612200DAB3E1 /* FirebaseDatabaseSwift */,
				1724285E29FB612200DAB3E1 /* FirebaseDynamicLinks */,
				1724286029FB612200DAB3E1 /* FirebaseFirestore */,
				1724286229FB612200DAB3E1 /* FirebaseFirestoreCombine-Community */,
				1724286429FB612200DAB3E1 /* FirebaseFirestoreSwift */,
				1724286629FB612200DAB3E1 /* FirebaseFunctions */,
				1724286829FB612200DAB3E1 /* FirebaseFunctionsCombine-Community */,
				1724286A29FB612200DAB3E1 /* FirebaseInAppMessaging-Beta */,
				1724286C29FB612200DAB3E1 /* FirebaseInAppMessagingSwift-Beta */,
				1724286E29FB612200DAB3E1 /* FirebaseInstallations */,
				1724287029FB612200DAB3E1 /* FirebaseMLModelDownloader */,
				1724287229FB612200DAB3E1 /* FirebaseMessaging */,
				1724287429FB612200DAB3E1 /* FirebasePerformance */,
				1724287629FB612200DAB3E1 /* FirebaseRemoteConfig */,
				1724287829FB612200DAB3E1 /* FirebaseRemoteConfigSwift */,
				1724287A29FB612200DAB3E1 /* FirebaseStorage */,
				1724287C29FB612200DAB3E1 /* FirebaseStorageCombine-Community */,
			);
			productName = "Home Chef United";
			productReference = 177DA05B29EB2B38007F35F5 /* Home Chef United.app */;
			productType = "com.apple.product-type.application";
		};
/* End PBXNativeTarget section */

/* Begin PBXProject section */
		177DA05329EB2B38007F35F5 /* Project object */ = {
			isa = PBXProject;
			attributes = {
				BuildIndependentTargetsInParallel = 1;
				LastSwiftUpdateCheck = 1340;
				LastUpgradeCheck = 1340;
				TargetAttributes = {
					177DA05A29EB2B38007F35F5 = {
						CreatedOnToolsVersion = 13.4.1;
					};
				};
			};
			buildConfigurationList = 177DA05629EB2B38007F35F5 /* Build configuration list for PBXProject "Home Chef United" */;
			compatibilityVersion = "Xcode 13.0";
			developmentRegion = en;
			hasScannedForEncodings = 0;
			knownRegions = (
				en,
				Base,
			);
			mainGroup = 177DA05229EB2B38007F35F5;
			packageReferences = (
				1724284929FB612200DAB3E1 /* XCRemoteSwiftPackageReference "firebase-ios-sdk" */,
			);
			productRefGroup = 177DA05C29EB2B38007F35F5 /* Products */;
			projectDirPath = "";
			projectRoot = "";
			targets = (
				177DA05A29EB2B38007F35F5 /* Home Chef United */,
			);
		};
/* End PBXProject section */

/* Begin PBXResourcesBuildPhase section */
		177DA05929EB2B38007F35F5 /* Resources */ = {
			isa = PBXResourcesBuildPhase;
			buildActionMask = 2147483647;
			files = (
				1724283029F6260100DAB3E1 /* CookbookTableViewCell.xib in Resources */,
				177DA06E29EB2B39007F35F5 /* LaunchScreen.storyboard in Resources */,
				17460A2229F430AA00A1FBA7 /* AddRecipeFirstSectionViewCell.xib in Resources */,
				177DA06B29EB2B39007F35F5 /* Assets.xcassets in Resources */,
				1724283429F6398400DAB3E1 /* AddExtraRecipeInfoViewCell.xib in Resources */,
				1724284829FB5E4E00DAB3E1 /* GoogleService-Info.plist in Resources */,
				17460A0A29F34DDC00A1FBA7 /* RecipeCollectionViewCell.xib in Resources */,
				17B177D929EE2FF800E3C4D1 /* LoadingCell.xib in Resources */,
				17460A1C29F41CB700A1FBA7 /* AddIngredientsViewCell.xib in Resources */,
				17B177DB29EE33AA00E3C4D1 /* NothingFoundCell.xib in Resources */,
				17460A2629F4CF6400A1FBA7 /* RecipeInstructionsViewCell.xib in Resources */,
				177DA06629EB2B38007F35F5 /* Main.storyboard in Resources */,
			);
			runOnlyForDeploymentPostprocessing = 0;
		};
/* End PBXResourcesBuildPhase section */

/* Begin PBXSourcesBuildPhase section */
		177DA05729EB2B38007F35F5 /* Sources */ = {
			isa = PBXSourcesBuildPhase;
			buildActionMask = 2147483647;
			files = (
				17460A2A29F5053600A1FBA7 /* UIViewController+Keyboard.swift in Sources */,
				17B177D129EDA1CB00E3C4D1 /* RecipeResult.swift in Sources */,
				17B177C729ED940200E3C4D1 /* UIImageView+DownloadImage.swift in Sources */,
				1724283A29F755F600DAB3E1 /* ThirdPageViewController.swift in Sources */,
				17460A2129F430AA00A1FBA7 /* AddRecipeFirstSectionViewCell.swift in Sources */,
				1724282D29F6220C00DAB3E1 /* FavoriteRecipe+CoreDataClass.swift in Sources */,
				1724288329FC6F2100DAB3E1 /* ProfileViewController.swift in Sources */,
				1724284429F8C8D200DAB3E1 /* TimerHeaderView.swift in Sources */,
				17B177D729EE01BD00E3C4D1 /* RecipeCell.swift in Sources */,
				17B177CD29ED9A4000E3C4D1 /* Functions.swift in Sources */,
				17460A0429F34C6500A1FBA7 /* CookbookTableViewCell.swift in Sources */,
				177DA06329EB2B38007F35F5 /* RecipeViewController.swift in Sources */,
				17B177CB29ED989C00E3C4D1 /* UserRecipeCell.swift in Sources */,
				177DA05F29EB2B38007F35F5 /* AppDelegate.swift in Sources */,
				177DA06129EB2B38007F35F5 /* SceneDelegate.swift in Sources */,
				1724283C29F76B2A00DAB3E1 /* CookbookIngredientsCell.swift in Sources */,
				1724283329F6398400DAB3E1 /* AddExtraRecipeInfoViewCell.swift in Sources */,
				1724284229F8B08800DAB3E1 /* CookbookInstructionsCell.swift in Sources */,
				177DA07629EB2EA3007F35F5 /* TabBarViewController.swift in Sources */,
				1724284029F87A5300DAB3E1 /* Int+TimeConversion.swift in Sources */,
				1724288729FEAA5D00DAB3E1 /* UITextField+Padding.swift in Sources */,
				1724282E29F6220C00DAB3E1 /* FavoriteRecipe+CoreDataProperties.swift in Sources */,
				17E5A1E429FED81E0075B3F2 /* UILabel+Padding.swift in Sources */,
				17460A2529F4CF6400A1FBA7 /* RecipeInstructionsViewCell.swift in Sources */,
				17B177D529EDF8C500E3C4D1 /* api.swift in Sources */,
				1724288129FB698A00DAB3E1 /* SignupViewController.swift in Sources */,
				17460A0229F3034C00A1FBA7 /* CookbookViewController.swift in Sources */,
				17460A0929F34DDC00A1FBA7 /* RecipeCollectionViewCell.swift in Sources */,
				17460A1629F4144000A1FBA7 /* CreateRecipeViewController.swift in Sources */,
				17B177DD29F0D58A00E3C4D1 /* RecipeDetailViewController.swift in Sources */,
				1724284629F9DA0500DAB3E1 /* UIView+ShakeAnimation.swift in Sources */,
				1724283829F7492600DAB3E1 /* SecondPageViewController.swift in Sources */,
				17460A2C29F50C4200A1FBA7 /* String+Sentences.swift in Sources */,
				17460A1129F40F5100A1FBA7 /* CookbookPageViewController.swift in Sources */,
				1724287F29FB696900DAB3E1 /* LoginViewController.swift in Sources */,
				177DA06929EB2B38007F35F5 /* Home_Chef_United.xcdatamodeld in Sources */,
				1724283629F716C000DAB3E1 /* FirstPageViewController.swift in Sources */,
				17460A1B29F41CB700A1FBA7 /* AddIngredientsViewCell.swift in Sources */,
			);
			runOnlyForDeploymentPostprocessing = 0;
		};
/* End PBXSourcesBuildPhase section */

/* Begin PBXVariantGroup section */
		177DA06429EB2B38007F35F5 /* Main.storyboard */ = {
			isa = PBXVariantGroup;
			children = (
				177DA06529EB2B38007F35F5 /* Base */,
			);
			name = Main.storyboard;
			sourceTree = "<group>";
		};
		177DA06C29EB2B39007F35F5 /* LaunchScreen.storyboard */ = {
			isa = PBXVariantGroup;
			children = (
				177DA06D29EB2B39007F35F5 /* Base */,
			);
			name = LaunchScreen.storyboard;
			sourceTree = "<group>";
		};
/* End PBXVariantGroup section */

/* Begin XCBuildConfiguration section */
		177DA07029EB2B39007F35F5 /* Debug */ = {
			isa = XCBuildConfiguration;
			buildSettings = {
				ALWAYS_SEARCH_USER_PATHS = NO;
				CLANG_ANALYZER_NONNULL = YES;
				CLANG_ANALYZER_NUMBER_OBJECT_CONVERSION = YES_AGGRESSIVE;
				CLANG_CXX_LANGUAGE_STANDARD = "gnu++17";
				CLANG_ENABLE_MODULES = YES;
				CLANG_ENABLE_OBJC_ARC = YES;
				CLANG_ENABLE_OBJC_WEAK = YES;
				CLANG_WARN_BLOCK_CAPTURE_AUTORELEASING = YES;
				CLANG_WARN_BOOL_CONVERSION = YES;
				CLANG_WARN_COMMA = YES;
				CLANG_WARN_CONSTANT_CONVERSION = YES;
				CLANG_WARN_DEPRECATED_OBJC_IMPLEMENTATIONS = YES;
				CLANG_WARN_DIRECT_OBJC_ISA_USAGE = YES_ERROR;
				CLANG_WARN_DOCUMENTATION_COMMENTS = YES;
				CLANG_WARN_EMPTY_BODY = YES;
				CLANG_WARN_ENUM_CONVERSION = YES;
				CLANG_WARN_INFINITE_RECURSION = YES;
				CLANG_WARN_INT_CONVERSION = YES;
				CLANG_WARN_NON_LITERAL_NULL_CONVERSION = YES;
				CLANG_WARN_OBJC_IMPLICIT_RETAIN_SELF = YES;
				CLANG_WARN_OBJC_LITERAL_CONVERSION = YES;
				CLANG_WARN_OBJC_ROOT_CLASS = YES_ERROR;
				CLANG_WARN_QUOTED_INCLUDE_IN_FRAMEWORK_HEADER = YES;
				CLANG_WARN_RANGE_LOOP_ANALYSIS = YES;
				CLANG_WARN_STRICT_PROTOTYPES = YES;
				CLANG_WARN_SUSPICIOUS_MOVE = YES;
				CLANG_WARN_UNGUARDED_AVAILABILITY = YES_AGGRESSIVE;
				CLANG_WARN_UNREACHABLE_CODE = YES;
				CLANG_WARN__DUPLICATE_METHOD_MATCH = YES;
				COPY_PHASE_STRIP = NO;
				DEBUG_INFORMATION_FORMAT = dwarf;
				ENABLE_STRICT_OBJC_MSGSEND = YES;
				ENABLE_TESTABILITY = YES;
				GCC_C_LANGUAGE_STANDARD = gnu11;
				GCC_DYNAMIC_NO_PIC = NO;
				GCC_NO_COMMON_BLOCKS = YES;
				GCC_OPTIMIZATION_LEVEL = 0;
				GCC_PREPROCESSOR_DEFINITIONS = (
					"DEBUG=1",
					"$(inherited)",
				);
				GCC_WARN_64_TO_32_BIT_CONVERSION = YES;
				GCC_WARN_ABOUT_RETURN_TYPE = YES_ERROR;
				GCC_WARN_UNDECLARED_SELECTOR = YES;
				GCC_WARN_UNINITIALIZED_AUTOS = YES_AGGRESSIVE;
				GCC_WARN_UNUSED_FUNCTION = YES;
				GCC_WARN_UNUSED_VARIABLE = YES;
				IPHONEOS_DEPLOYMENT_TARGET = 15.5;
				MTL_ENABLE_DEBUG_INFO = INCLUDE_SOURCE;
				MTL_FAST_MATH = YES;
				ONLY_ACTIVE_ARCH = YES;
				SDKROOT = iphoneos;
				SWIFT_ACTIVE_COMPILATION_CONDITIONS = DEBUG;
				SWIFT_OPTIMIZATION_LEVEL = "-Onone";
			};
			name = Debug;
		};
		177DA07129EB2B39007F35F5 /* Release */ = {
			isa = XCBuildConfiguration;
			buildSettings = {
				ALWAYS_SEARCH_USER_PATHS = NO;
				CLANG_ANALYZER_NONNULL = YES;
				CLANG_ANALYZER_NUMBER_OBJECT_CONVERSION = YES_AGGRESSIVE;
				CLANG_CXX_LANGUAGE_STANDARD = "gnu++17";
				CLANG_ENABLE_MODULES = YES;
				CLANG_ENABLE_OBJC_ARC = YES;
				CLANG_ENABLE_OBJC_WEAK = YES;
				CLANG_WARN_BLOCK_CAPTURE_AUTORELEASING = YES;
				CLANG_WARN_BOOL_CONVERSION = YES;
				CLANG_WARN_COMMA = YES;
				CLANG_WARN_CONSTANT_CONVERSION = YES;
				CLANG_WARN_DEPRECATED_OBJC_IMPLEMENTATIONS = YES;
				CLANG_WARN_DIRECT_OBJC_ISA_USAGE = YES_ERROR;
				CLANG_WARN_DOCUMENTATION_COMMENTS = YES;
				CLANG_WARN_EMPTY_BODY = YES;
				CLANG_WARN_ENUM_CONVERSION = YES;
				CLANG_WARN_INFINITE_RECURSION = YES;
				CLANG_WARN_INT_CONVERSION = YES;
				CLANG_WARN_NON_LITERAL_NULL_CONVERSION = YES;
				CLANG_WARN_OBJC_IMPLICIT_RETAIN_SELF = YES;
				CLANG_WARN_OBJC_LITERAL_CONVERSION = YES;
				CLANG_WARN_OBJC_ROOT_CLASS = YES_ERROR;
				CLANG_WARN_QUOTED_INCLUDE_IN_FRAMEWORK_HEADER = YES;
				CLANG_WARN_RANGE_LOOP_ANALYSIS = YES;
				CLANG_WARN_STRICT_PROTOTYPES = YES;
				CLANG_WARN_SUSPICIOUS_MOVE = YES;
				CLANG_WARN_UNGUARDED_AVAILABILITY = YES_AGGRESSIVE;
				CLANG_WARN_UNREACHABLE_CODE = YES;
				CLANG_WARN__DUPLICATE_METHOD_MATCH = YES;
				COPY_PHASE_STRIP = NO;
				DEBUG_INFORMATION_FORMAT = "dwarf-with-dsym";
				ENABLE_NS_ASSERTIONS = NO;
				ENABLE_STRICT_OBJC_MSGSEND = YES;
				GCC_C_LANGUAGE_STANDARD = gnu11;
				GCC_NO_COMMON_BLOCKS = YES;
				GCC_WARN_64_TO_32_BIT_CONVERSION = YES;
				GCC_WARN_ABOUT_RETURN_TYPE = YES_ERROR;
				GCC_WARN_UNDECLARED_SELECTOR = YES;
				GCC_WARN_UNINITIALIZED_AUTOS = YES_AGGRESSIVE;
				GCC_WARN_UNUSED_FUNCTION = YES;
				GCC_WARN_UNUSED_VARIABLE = YES;
				IPHONEOS_DEPLOYMENT_TARGET = 15.5;
				MTL_ENABLE_DEBUG_INFO = NO;
				MTL_FAST_MATH = YES;
				SDKROOT = iphoneos;
				SWIFT_COMPILATION_MODE = wholemodule;
				SWIFT_OPTIMIZATION_LEVEL = "-O";
				VALIDATE_PRODUCT = YES;
			};
			name = Release;
		};
		177DA07329EB2B39007F35F5 /* Debug */ = {
			isa = XCBuildConfiguration;
			buildSettings = {
				ASSETCATALOG_COMPILER_APPICON_NAME = AppIcon;
				ASSETCATALOG_COMPILER_GLOBAL_ACCENT_COLOR_NAME = AccentColor;
				CODE_SIGN_STYLE = Automatic;
				CURRENT_PROJECT_VERSION = 1;
				DEVELOPMENT_TEAM = 24P232JHSD;
				GENERATE_INFOPLIST_FILE = YES;
				INFOPLIST_FILE = "Home Chef United/Info.plist";
				INFOPLIST_KEY_UIApplicationSupportsIndirectInputEvents = YES;
				INFOPLIST_KEY_UILaunchStoryboardName = LaunchScreen;
				INFOPLIST_KEY_UIMainStoryboardFile = Main;
				INFOPLIST_KEY_UISupportedInterfaceOrientations_iPad = "UIInterfaceOrientationPortrait UIInterfaceOrientationPortraitUpsideDown UIInterfaceOrientationLandscapeLeft UIInterfaceOrientationLandscapeRight";
				INFOPLIST_KEY_UISupportedInterfaceOrientations_iPhone = "UIInterfaceOrientationPortrait UIInterfaceOrientationLandscapeLeft UIInterfaceOrientationLandscapeRight";
				LD_RUNPATH_SEARCH_PATHS = (
					"$(inherited)",
					"@executable_path/Frameworks",
				);
				MARKETING_VERSION = 1.0;
				PRODUCT_BUNDLE_IDENTIFIER = "com.kirazuto7.Home-Chef-United";
				PRODUCT_NAME = "$(TARGET_NAME)";
				SWIFT_EMIT_LOC_STRINGS = YES;
				SWIFT_VERSION = 5.0;
				TARGETED_DEVICE_FAMILY = "1,2";
			};
			name = Debug;
		};
		177DA07429EB2B39007F35F5 /* Release */ = {
			isa = XCBuildConfiguration;
			buildSettings = {
				ASSETCATALOG_COMPILER_APPICON_NAME = AppIcon;
				ASSETCATALOG_COMPILER_GLOBAL_ACCENT_COLOR_NAME = AccentColor;
				CODE_SIGN_STYLE = Automatic;
				CURRENT_PROJECT_VERSION = 1;
				DEVELOPMENT_TEAM = 24P232JHSD;
				GENERATE_INFOPLIST_FILE = YES;
				INFOPLIST_FILE = "Home Chef United/Info.plist";
				INFOPLIST_KEY_UIApplicationSupportsIndirectInputEvents = YES;
				INFOPLIST_KEY_UILaunchStoryboardName = LaunchScreen;
				INFOPLIST_KEY_UIMainStoryboardFile = Main;
				INFOPLIST_KEY_UISupportedInterfaceOrientations_iPad = "UIInterfaceOrientationPortrait UIInterfaceOrientationPortraitUpsideDown UIInterfaceOrientationLandscapeLeft UIInterfaceOrientationLandscapeRight";
				INFOPLIST_KEY_UISupportedInterfaceOrientations_iPhone = "UIInterfaceOrientationPortrait UIInterfaceOrientationLandscapeLeft UIInterfaceOrientationLandscapeRight";
				LD_RUNPATH_SEARCH_PATHS = (
					"$(inherited)",
					"@executable_path/Frameworks",
				);
				MARKETING_VERSION = 1.0;
				PRODUCT_BUNDLE_IDENTIFIER = "com.kirazuto7.Home-Chef-United";
				PRODUCT_NAME = "$(TARGET_NAME)";
				SWIFT_EMIT_LOC_STRINGS = YES;
				SWIFT_VERSION = 5.0;
				TARGETED_DEVICE_FAMILY = "1,2";
			};
			name = Release;
		};
/* End XCBuildConfiguration section */

/* Begin XCConfigurationList section */
		177DA05629EB2B38007F35F5 /* Build configuration list for PBXProject "Home Chef United" */ = {
			isa = XCConfigurationList;
			buildConfigurations = (
				177DA07029EB2B39007F35F5 /* Debug */,
				177DA07129EB2B39007F35F5 /* Release */,
			);
			defaultConfigurationIsVisible = 0;
			defaultConfigurationName = Release;
		};
		177DA07229EB2B39007F35F5 /* Build configuration list for PBXNativeTarget "Home Chef United" */ = {
			isa = XCConfigurationList;
			buildConfigurations = (
				177DA07329EB2B39007F35F5 /* Debug */,
				177DA07429EB2B39007F35F5 /* Release */,
			);
			defaultConfigurationIsVisible = 0;
			defaultConfigurationName = Release;
		};
/* End XCConfigurationList section */

/* Begin XCRemoteSwiftPackageReference section */
		1724284929FB612200DAB3E1 /* XCRemoteSwiftPackageReference "firebase-ios-sdk" */ = {
			isa = XCRemoteSwiftPackageReference;
			repositoryURL = "https://github.com/firebase/firebase-ios-sdk";
			requirement = {
				kind = upToNextMajorVersion;
				minimumVersion = 9.0.0;
			};
		};
/* End XCRemoteSwiftPackageReference section */

/* Begin XCSwiftPackageProductDependency section */
		1724284A29FB612200DAB3E1 /* FirebaseAnalytics */ = {
			isa = XCSwiftPackageProductDependency;
			package = 1724284929FB612200DAB3E1 /* XCRemoteSwiftPackageReference "firebase-ios-sdk" */;
			productName = FirebaseAnalytics;
		};
		1724284C29FB612200DAB3E1 /* FirebaseAnalyticsOnDeviceConversion */ = {
			isa = XCSwiftPackageProductDependency;
			package = 1724284929FB612200DAB3E1 /* XCRemoteSwiftPackageReference "firebase-ios-sdk" */;
			productName = FirebaseAnalyticsOnDeviceConversion;
		};
		1724284E29FB612200DAB3E1 /* FirebaseAnalyticsSwift */ = {
			isa = XCSwiftPackageProductDependency;
			package = 1724284929FB612200DAB3E1 /* XCRemoteSwiftPackageReference "firebase-ios-sdk" */;
			productName = FirebaseAnalyticsSwift;
		};
		1724285029FB612200DAB3E1 /* FirebaseAppCheck */ = {
			isa = XCSwiftPackageProductDependency;
			package = 1724284929FB612200DAB3E1 /* XCRemoteSwiftPackageReference "firebase-ios-sdk" */;
			productName = FirebaseAppCheck;
		};
		1724285229FB612200DAB3E1 /* FirebaseAppDistribution-Beta */ = {
			isa = XCSwiftPackageProductDependency;
			package = 1724284929FB612200DAB3E1 /* XCRemoteSwiftPackageReference "firebase-ios-sdk" */;
			productName = "FirebaseAppDistribution-Beta";
		};
		1724285429FB612200DAB3E1 /* FirebaseAuth */ = {
			isa = XCSwiftPackageProductDependency;
			package = 1724284929FB612200DAB3E1 /* XCRemoteSwiftPackageReference "firebase-ios-sdk" */;
			productName = FirebaseAuth;
		};
		1724285629FB612200DAB3E1 /* FirebaseAuthCombine-Community */ = {
			isa = XCSwiftPackageProductDependency;
			package = 1724284929FB612200DAB3E1 /* XCRemoteSwiftPackageReference "firebase-ios-sdk" */;
			productName = "FirebaseAuthCombine-Community";
		};
		1724285829FB612200DAB3E1 /* FirebaseCrashlytics */ = {
			isa = XCSwiftPackageProductDependency;
			package = 1724284929FB612200DAB3E1 /* XCRemoteSwiftPackageReference "firebase-ios-sdk" */;
			productName = FirebaseCrashlytics;
		};
		1724285A29FB612200DAB3E1 /* FirebaseDatabase */ = {
			isa = XCSwiftPackageProductDependency;
			package = 1724284929FB612200DAB3E1 /* XCRemoteSwiftPackageReference "firebase-ios-sdk" */;
			productName = FirebaseDatabase;
		};
		1724285C29FB612200DAB3E1 /* FirebaseDatabaseSwift */ = {
			isa = XCSwiftPackageProductDependency;
			package = 1724284929FB612200DAB3E1 /* XCRemoteSwiftPackageReference "firebase-ios-sdk" */;
			productName = FirebaseDatabaseSwift;
		};
		1724285E29FB612200DAB3E1 /* FirebaseDynamicLinks */ = {
			isa = XCSwiftPackageProductDependency;
			package = 1724284929FB612200DAB3E1 /* XCRemoteSwiftPackageReference "firebase-ios-sdk" */;
			productName = FirebaseDynamicLinks;
		};
		1724286029FB612200DAB3E1 /* FirebaseFirestore */ = {
			isa = XCSwiftPackageProductDependency;
			package = 1724284929FB612200DAB3E1 /* XCRemoteSwiftPackageReference "firebase-ios-sdk" */;
			productName = FirebaseFirestore;
		};
		1724286229FB612200DAB3E1 /* FirebaseFirestoreCombine-Community */ = {
			isa = XCSwiftPackageProductDependency;
			package = 1724284929FB612200DAB3E1 /* XCRemoteSwiftPackageReference "firebase-ios-sdk" */;
			productName = "FirebaseFirestoreCombine-Community";
		};
		1724286429FB612200DAB3E1 /* FirebaseFirestoreSwift */ = {
			isa = XCSwiftPackageProductDependency;
			package = 1724284929FB612200DAB3E1 /* XCRemoteSwiftPackageReference "firebase-ios-sdk" */;
			productName = FirebaseFirestoreSwift;
		};
		1724286629FB612200DAB3E1 /* FirebaseFunctions */ = {
			isa = XCSwiftPackageProductDependency;
			package = 1724284929FB612200DAB3E1 /* XCRemoteSwiftPackageReference "firebase-ios-sdk" */;
			productName = FirebaseFunctions;
		};
		1724286829FB612200DAB3E1 /* FirebaseFunctionsCombine-Community */ = {
			isa = XCSwiftPackageProductDependency;
			package = 1724284929FB612200DAB3E1 /* XCRemoteSwiftPackageReference "firebase-ios-sdk" */;
			productName = "FirebaseFunctionsCombine-Community";
		};
		1724286A29FB612200DAB3E1 /* FirebaseInAppMessaging-Beta */ = {
			isa = XCSwiftPackageProductDependency;
			package = 1724284929FB612200DAB3E1 /* XCRemoteSwiftPackageReference "firebase-ios-sdk" */;
			productName = "FirebaseInAppMessaging-Beta";
		};
		1724286C29FB612200DAB3E1 /* FirebaseInAppMessagingSwift-Beta */ = {
			isa = XCSwiftPackageProductDependency;
			package = 1724284929FB612200DAB3E1 /* XCRemoteSwiftPackageReference "firebase-ios-sdk" */;
			productName = "FirebaseInAppMessagingSwift-Beta";
		};
		1724286E29FB612200DAB3E1 /* FirebaseInstallations */ = {
			isa = XCSwiftPackageProductDependency;
			package = 1724284929FB612200DAB3E1 /* XCRemoteSwiftPackageReference "firebase-ios-sdk" */;
			productName = FirebaseInstallations;
		};
		1724287029FB612200DAB3E1 /* FirebaseMLModelDownloader */ = {
			isa = XCSwiftPackageProductDependency;
			package = 1724284929FB612200DAB3E1 /* XCRemoteSwiftPackageReference "firebase-ios-sdk" */;
			productName = FirebaseMLModelDownloader;
		};
		1724287229FB612200DAB3E1 /* FirebaseMessaging */ = {
			isa = XCSwiftPackageProductDependency;
			package = 1724284929FB612200DAB3E1 /* XCRemoteSwiftPackageReference "firebase-ios-sdk" */;
			productName = FirebaseMessaging;
		};
		1724287429FB612200DAB3E1 /* FirebasePerformance */ = {
			isa = XCSwiftPackageProductDependency;
			package = 1724284929FB612200DAB3E1 /* XCRemoteSwiftPackageReference "firebase-ios-sdk" */;
			productName = FirebasePerformance;
		};
		1724287629FB612200DAB3E1 /* FirebaseRemoteConfig */ = {
			isa = XCSwiftPackageProductDependency;
			package = 1724284929FB612200DAB3E1 /* XCRemoteSwiftPackageReference "firebase-ios-sdk" */;
			productName = FirebaseRemoteConfig;
		};
		1724287829FB612200DAB3E1 /* FirebaseRemoteConfigSwift */ = {
			isa = XCSwiftPackageProductDependency;
			package = 1724284929FB612200DAB3E1 /* XCRemoteSwiftPackageReference "firebase-ios-sdk" */;
			productName = FirebaseRemoteConfigSwift;
		};
		1724287A29FB612200DAB3E1 /* FirebaseStorage */ = {
			isa = XCSwiftPackageProductDependency;
			package = 1724284929FB612200DAB3E1 /* XCRemoteSwiftPackageReference "firebase-ios-sdk" */;
			productName = FirebaseStorage;
		};
		1724287C29FB612200DAB3E1 /* FirebaseStorageCombine-Community */ = {
			isa = XCSwiftPackageProductDependency;
			package = 1724284929FB612200DAB3E1 /* XCRemoteSwiftPackageReference "firebase-ios-sdk" */;
			productName = "FirebaseStorageCombine-Community";
		};
/* End XCSwiftPackageProductDependency section */

/* Begin XCVersionGroup section */
		177DA06729EB2B38007F35F5 /* Home_Chef_United.xcdatamodeld */ = {
			isa = XCVersionGroup;
			children = (
				177DA06829EB2B38007F35F5 /* Home_Chef_United.xcdatamodel */,
			);
			currentVersion = 177DA06829EB2B38007F35F5 /* Home_Chef_United.xcdatamodel */;
			path = Home_Chef_United.xcdatamodeld;
			sourceTree = "<group>";
			versionGroupType = wrapper.xcdatamodel;
		};
/* End XCVersionGroup section */
	};
	rootObject = 177DA05329EB2B38007F35F5 /* Project object */;
}
